
Microsoft Visual Studio Solution File, Format Version 12.00
# Visual Studio Version 16
VisualStudioVersion = 16.0.29306.81
MinimumVisualStudioVersion = 10.0.40219.1
Project("{9A19103F-16F7-4668-BE54-9A1E7A4F7556}") = "Zork", "Zork\Zork.csproj", "{44FE1431-9BF6-4A6D-A691-2CFD28E8DB8A}"
EndProject
Project("{9A19103F-16F7-4668-BE54-9A1E7A4F7556}") = "Zork.Common", "Zork.Common\Zork.Common.csproj", "{82EA0C34-AB3B-451E-A4F0-3792E6004369}"
EndProject
Project("{9A19103F-16F7-4668-BE54-9A1E7A4F7556}") = "ZorkBuilderWPF", "ZorkBuilderWPF\ZorkBuilderWPF.csproj", "{165FB881-4E98-4F25-833F-B11156AEAD26}"
EndProject
Global
	GlobalSection(SolutionConfigurationPlatforms) = preSolution
		Debug|Any CPU = Debug|Any CPU
		Release|Any CPU = Release|Any CPU
	EndGlobalSection
	GlobalSection(ProjectConfigurationPlatforms) = postSolution
		{44FE1431-9BF6-4A6D-A691-2CFD28E8DB8A}.Debug|Any CPU.ActiveCfg = Debug|Any CPU
		{44FE1431-9BF6-4A6D-A691-2CFD28E8DB8A}.Debug|Any CPU.Build.0 = Debug|Any CPU
		{44FE1431-9BF6-4A6D-A691-2CFD28E8DB8A}.Release|Any CPU.ActiveCfg = Release|Any CPU
		{44FE1431-9BF6-4A6D-A691-2CFD28E8DB8A}.Release|Any CPU.Build.0 = Release|Any CPU
		{82EA0C34-AB3B-451E-A4F0-3792E6004369}.Debug|Any CPU.ActiveCfg = Debug|Any CPU
		{82EA0C34-AB3B-451E-A4F0-3792E6004369}.Debug|Any CPU.Build.0 = Debug|Any CPU
		{82EA0C34-AB3B-451E-A4F0-3792E6004369}.Release|Any CPU.ActiveCfg = Release|Any CPU
		{82EA0C34-AB3B-451E-A4F0-3792E6004369}.Release|Any CPU.Build.0 = Release|Any CPU
		{165FB881-4E98-4F25-833F-B11156AEAD26}.Debug|Any CPU.ActiveCfg = Debug|Any CPU
		{165FB881-4E98-4F25-833F-B11156AEAD26}.Debug|Any CPU.Build.0 = Debug|Any CPU
		{165FB881-4E98-4F25-833F-B11156AEAD26}.Release|Any CPU.ActiveCfg = Release|Any CPU
		{165FB881-4E98-4F25-833F-B11156AEAD26}.Release|Any CPU.Build.0 = Release|Any CPU
	EndGlobalSection
	GlobalSection(SolutionProperties) = preSolution
		HideSolutionNode = FALSE
	EndGlobalSection
	GlobalSection(ExtensibilityGlobals) = postSolution
		SolutionGuid = {53F13A25-F1A9-4A7B-9A93-3B9623EF108B}
	EndGlobalSection
EndGlobal
